{
  "nodes": {
    "home-manager": {
      "inputs": {
        "nixpkgs": [
          "nixpkgs"
        ]
      },
      "locked": {
        "lastModified": 1702937117,
        "narHash": "sha256-4GjkL2D01bDg00UZN/SeGrnBZrDVOFeZTbQx6U702Vc=",
        "owner": "nix-community",
        "repo": "home-manager",
        "rev": "e8aaced73ebaf6bfa8e3c6ab0a19cb184bc4d798",
        "type": "github"
      },
      "original": {
        "owner": "nix-community",
        "repo": "home-manager",
        "type": "github"
      }
    },
    "nixpkgs": {
      "locked": {
        "lastModified": 1702830618,
        "narHash": "sha256-lvhwIvRwhOLgzbRuYkqHy4M5cQHYs4ktL6/hyuBS6II=",
        "owner": "nixos",
        "repo": "nixpkgs",
        "rev": "91a00709aebb3602f172a0bf47ba1ef013e34835",
        "type": "github"
      },
      "original": {
        "owner": "nixos",
        "ref": "nixos-unstable",
        "repo": "nixpkgs",
        "type": "github"
      }
    },
    "nixpkgs-my": {
      "inputs": {
        "nixpkgs": "nixpkgs_2"
      },
      "locked": {
        "lastModified": 1702557160,
        "narHash": "sha256-zDqHhszCWd6Auggryj9RbsYfmNZDyMeHNJIiI5QIgt4=",
        "owner": "s1n7ax",
        "repo": "nix-flakes",
        "rev": "0996d856a9d8f23b3c5b437e295c3ee5962b7d91",
        "type": "github"
      },
      "original": {
        "owner": "s1n7ax",
        "repo": "nix-flakes",
        "type": "github"
      }
    },
    "nixpkgs-stable": {
      "locked": {
        "lastModified": 1702780907,
        "narHash": "sha256-blbrBBXjjZt6OKTcYX1jpe9SRof2P9ZYWPzq22tzXAA=",
        "owner": "nixos",
        "repo": "nixpkgs",
        "rev": "1e2e384c5b7c50dbf8e9c441a9e58d85f408b01f",
        "type": "github"
      },
      "original": {
        "owner": "nixos",
        "ref": "nixos-23.11",
        "repo": "nixpkgs",
        "type": "github"
      }
    },
    "nixpkgs_2": {
      "locked": {
        "lastModified": 1695132891,
        "narHash": "sha256-cJR9AFHmt816cW/C9necLJyOg/gsnkvEeFAfxgeM1hc=",
        "owner": "NixOS",
        "repo": "nixpkgs",
        "rev": "8b5ab8341e33322e5b66fb46ce23d724050f6606",
        "type": "github"
      },
      "original": {
        "id": "nixpkgs",
        "type": "indirect"
      }
    },
    "root": {
      "inputs": {
        "home-manager": "home-manager",
        "nixpkgs": "nixpkgs",
        "nixpkgs-my": "nixpkgs-my",
        "nixpkgs-stable": "nixpkgs-stable"
      }
    }
  },
  "root": "root",
  "version": 7
}
